<?xml version="1.0" encoding="utf-8"?>
<Project ToolsVersion="4.0" xmlns="http://schemas.microsoft.com/developer/msbuild/2003">
  <ItemGroup>
    <Filter Include="Source Files">
      <UniqueIdentifier>{4FC737F1-C7A5-4376-A066-2A32D752A2FF}</UniqueIdentifier>
      <Extensions>cpp;c;cc;cxx;c++;cppm;ixx;def;odl;idl;hpj;bat;asm;asmx</Extensions>
    </Filter>
    <Filter Include="Header Files">
      <UniqueIdentifier>{93995380-89BD-4b04-88EB-625FBE52EBFB}</UniqueIdentifier>
      <Extensions>h;hh;hpp;hxx;h++;hm;inl;inc;ipp;xsd</Extensions>
    </Filter>
    <Filter Include="Resource Files">
      <UniqueIdentifier>{67DA6AB6-F800-4c08-8B7A-83BB121AAD01}</UniqueIdentifier>
      <Extensions>rc;ico;cur;bmp;dlg;rc2;rct;bin;rgs;gif;jpg;jpeg;jpe;resx;tiff;tif;png;wav;mfcribbon-ms</Extensions>
    </Filter>
    <Filter Include="Header Files\UiElements">
      <UniqueIdentifier>{f3700489-207e-4b82-8b31-d4af09876546}</UniqueIdentifier>
    </Filter>
    <Filter Include="Source Files\UiElements">
      <UniqueIdentifier>{54c18d1d-5558-4802-bc62-ff7a2f63756d}</UniqueIdentifier>
    </Filter>
  </ItemGroup>
  <ItemGroup>
    <ClCompile Include="Gui.cpp">
      <Filter>Source Files</Filter>
    </ClCompile>
    <ClCompile Include="Settings.cpp">
      <Filter>Source Files</Filter>
    </ClCompile>
    <ClCompile Include="UiElement.cpp">
      <Filter>Source Files</Filter>
    </ClCompile>
    <ClCompile Include="UiElementHolder.cpp">
      <Filter>Source Files</Filter>
    </ClCompile>
    <ClCompile Include="BoundingBox.cpp">
      <Filter>Source Files</Filter>
    </ClCompile>
    <ClCompile Include="Layout_Base.cpp">
      <Filter>Source Files</Filter>
    </ClCompile>
    <ClCompile Include="SimpleLayout.cpp">
      <Filter>Source Files\UiElements</Filter>
    </ClCompile>
    <ClCompile Include="Label.cpp">
      <Filter>Source Files\UiElements</Filter>
    </ClCompile>
  </ItemGroup>
  <ItemGroup>
    <ClInclude Include="Gui.h">
      <Filter>Header Files</Filter>
    </ClInclude>
    <ClInclude Include="Settings.h">
      <Filter>Header Files</Filter>
    </ClInclude>
    <ClInclude Include="export.h">
      <Filter>Header Files</Filter>
    </ClInclude>
    <ClInclude Include="UiElement.h">
      <Filter>Header Files</Filter>
    </ClInclude>
    <ClInclude Include="UiElementHolder.h">
      <Filter>Header Files</Filter>
    </ClInclude>
    <ClInclude Include="BoundingBox.h">
      <Filter>Header Files</Filter>
    </ClInclude>
    <ClInclude Include="Layout_Base.h">
      <Filter>Header Files</Filter>
    </ClInclude>
    <ClInclude Include="Label.h">
      <Filter>Header Files\UiElements</Filter>
    </ClInclude>
    <ClInclude Include="SimpleLayout.h">
      <Filter>Header Files\UiElements</Filter>
    </ClInclude>
  </ItemGroup>
</Project>