
Microsoft Visual Studio Solution File, Format Version 12.00
# Visual Studio Version 17
VisualStudioVersion = 17.6.33829.357
MinimumVisualStudioVersion = 10.0.40219.1
Project("{8BC9CEB8-8B4A-11D0-8D11-00A0C91BC942}") = "TcpClient", "TCPClient\TCPClient.vcxproj", "{E3059C73-A3AB-4F5E-868E-5315FEF9C366}"
EndProject
Project("{8BC9CEB8-8B4A-11D0-8D11-00A0C91BC942}") = "TcpServer", "TcpServer\TcpServer.vcxproj", "{B7A97D30-50CF-4EAE-B516-7C329F5BA168}"
EndProject
Global
	GlobalSection(SolutionConfigurationPlatforms) = preSolution
		Debug|x64 = Debug|x64
		Release|x64 = Release|x64
	EndGlobalSection
	GlobalSection(ProjectConfigurationPlatforms) = postSolution
		{E3059C73-A3AB-4F5E-868E-5315FEF9C366}.Debug|x64.ActiveCfg = Debug|x64
		{E3059C73-A3AB-4F5E-868E-5315FEF9C366}.Debug|x64.Build.0 = Debug|x64
		{E3059C73-A3AB-4F5E-868E-5315FEF9C366}.Release|x64.ActiveCfg = Release|x64
		{E3059C73-A3AB-4F5E-868E-5315FEF9C366}.Release|x64.Build.0 = Release|x64
		{B7A97D30-50CF-4EAE-B516-7C329F5BA168}.Debug|x64.ActiveCfg = Debug|x64
		{B7A97D30-50CF-4EAE-B516-7C329F5BA168}.Debug|x64.Build.0 = Debug|x64
		{B7A97D30-50CF-4EAE-B516-7C329F5BA168}.Release|x64.ActiveCfg = Release|x64
		{B7A97D30-50CF-4EAE-B516-7C329F5BA168}.Release|x64.Build.0 = Release|x64
	EndGlobalSection
	GlobalSection(SolutionProperties) = preSolution
		HideSolutionNode = FALSE
	EndGlobalSection
	GlobalSection(ExtensibilityGlobals) = postSolution
		SolutionGuid = {7AA83A10-763B-49F7-B6ED-5E5FE1E7D053}
	EndGlobalSection
EndGlobal
